
Microsoft Visual Studio Solution File, Format Version 12.00
# Visual Studio Version 17
VisualStudioVersion = 17.12.35527.113
MinimumVisualStudioVersion = 10.0.40219.1
Project("{8BC9CEB8-8B4A-11D0-8D11-00A0C91BC942}") = "HelloBoost", "HelloBoost\HelloBoost.vcxproj", "{DF0CE4C9-1738-4593-BAB9-339FFC7A4869}"
EndProject
Project("{8BC9CEB8-8B4A-11D0-8D11-00A0C91BC942}") = "SyncClient", "AsioClient\AsioClient.vcxproj", "{8ADD9BAD-64F6-4923-ABD3-207FC7B884FC}"
EndProject
Project("{8BC9CEB8-8B4A-11D0-8D11-00A0C91BC942}") = "SyncServer", "SyncServer\SyncServer.vcxproj", "{CCC778BC-B8FF-4538-A939-8298C28F1280}"
EndProject
Project("{8BC9CEB8-8B4A-11D0-8D11-00A0C91BC942}") = "AsyncServer", "AsyncServer\AsyncServer.vcxproj", "{5D2C8C2C-911E-4BB1-AF13-DDCDC7D11096}"
EndProject
Global
	GlobalSection(SolutionConfigurationPlatforms) = preSolution
		Debug|x64 = Debug|x64
		Debug|x86 = Debug|x86
		Release|x64 = Release|x64
		Release|x86 = Release|x86
	EndGlobalSection
	GlobalSection(ProjectConfigurationPlatforms) = postSolution
		{DF0CE4C9-1738-4593-BAB9-339FFC7A4869}.Debug|x64.ActiveCfg = Debug|x64
		{DF0CE4C9-1738-4593-BAB9-339FFC7A4869}.Debug|x64.Build.0 = Debug|x64
		{DF0CE4C9-1738-4593-BAB9-339FFC7A4869}.Debug|x86.ActiveCfg = Debug|Win32
		{DF0CE4C9-1738-4593-BAB9-339FFC7A4869}.Debug|x86.Build.0 = Debug|Win32
		{DF0CE4C9-1738-4593-BAB9-339FFC7A4869}.Release|x64.ActiveCfg = Release|x64
		{DF0CE4C9-1738-4593-BAB9-339FFC7A4869}.Release|x64.Build.0 = Release|x64
		{DF0CE4C9-1738-4593-BAB9-339FFC7A4869}.Release|x86.ActiveCfg = Release|Win32
		{DF0CE4C9-1738-4593-BAB9-339FFC7A4869}.Release|x86.Build.0 = Release|Win32
		{8ADD9BAD-64F6-4923-ABD3-207FC7B884FC}.Debug|x64.ActiveCfg = Debug|x64
		{8ADD9BAD-64F6-4923-ABD3-207FC7B884FC}.Debug|x64.Build.0 = Debug|x64
		{8ADD9BAD-64F6-4923-ABD3-207FC7B884FC}.Debug|x86.ActiveCfg = Debug|Win32
		{8ADD9BAD-64F6-4923-ABD3-207FC7B884FC}.Debug|x86.Build.0 = Debug|Win32
		{8ADD9BAD-64F6-4923-ABD3-207FC7B884FC}.Release|x64.ActiveCfg = Release|x64
		{8ADD9BAD-64F6-4923-ABD3-207FC7B884FC}.Release|x64.Build.0 = Release|x64
		{8ADD9BAD-64F6-4923-ABD3-207FC7B884FC}.Release|x86.ActiveCfg = Release|Win32
		{8ADD9BAD-64F6-4923-ABD3-207FC7B884FC}.Release|x86.Build.0 = Release|Win32
		{CCC778BC-B8FF-4538-A939-8298C28F1280}.Debug|x64.ActiveCfg = Debug|x64
		{CCC778BC-B8FF-4538-A939-8298C28F1280}.Debug|x64.Build.0 = Debug|x64
		{CCC778BC-B8FF-4538-A939-8298C28F1280}.Debug|x86.ActiveCfg = Debug|Win32
		{CCC778BC-B8FF-4538-A939-8298C28F1280}.Debug|x86.Build.0 = Debug|Win32
		{CCC778BC-B8FF-4538-A939-8298C28F1280}.Release|x64.ActiveCfg = Release|x64
		{CCC778BC-B8FF-4538-A939-8298C28F1280}.Release|x64.Build.0 = Release|x64
		{CCC778BC-B8FF-4538-A939-8298C28F1280}.Release|x86.ActiveCfg = Release|Win32
		{CCC778BC-B8FF-4538-A939-8298C28F1280}.Release|x86.Build.0 = Release|Win32
		{5D2C8C2C-911E-4BB1-AF13-DDCDC7D11096}.Debug|x64.ActiveCfg = Debug|x64
		{5D2C8C2C-911E-4BB1-AF13-DDCDC7D11096}.Debug|x64.Build.0 = Debug|x64
		{5D2C8C2C-911E-4BB1-AF13-DDCDC7D11096}.Debug|x86.ActiveCfg = Debug|Win32
		{5D2C8C2C-911E-4BB1-AF13-DDCDC7D11096}.Debug|x86.Build.0 = Debug|Win32
		{5D2C8C2C-911E-4BB1-AF13-DDCDC7D11096}.Release|x64.ActiveCfg = Release|x64
		{5D2C8C2C-911E-4BB1-AF13-DDCDC7D11096}.Release|x64.Build.0 = Release|x64
		{5D2C8C2C-911E-4BB1-AF13-DDCDC7D11096}.Release|x86.ActiveCfg = Release|Win32
		{5D2C8C2C-911E-4BB1-AF13-DDCDC7D11096}.Release|x86.Build.0 = Release|Win32
	EndGlobalSection
	GlobalSection(SolutionProperties) = preSolution
		HideSolutionNode = FALSE
	EndGlobalSection
EndGlobal
